
Microsoft Visual Studio Solution File, Format Version 12.00
# Visual Studio Version 17
VisualStudioVersion = 17.11.35312.102
MinimumVisualStudioVersion = 10.0.40219.1
Project("{FAE04EC0-301F-11D3-BF4B-00C04F79EFBC}") = "BasicCRUDOperations", "BasicCRUDoperations\BasicCRUDOperations.csproj", "{0AE68142-32AD-483A-B891-36889745BD6F}"
EndProject
Global
	GlobalSection(SolutionConfigurationPlatforms) = preSolution
		Debug|Any CPU = Debug|Any CPU
		Release|Any CPU = Release|Any CPU
	EndGlobalSection
	GlobalSection(ProjectConfigurationPlatforms) = postSolution
		{0AE68142-32AD-483A-B891-36889745BD6F}.Debug|Any CPU.ActiveCfg = Debug|Any CPU
		{0AE68142-32AD-483A-B891-36889745BD6F}.Debug|Any CPU.Build.0 = Debug|Any CPU
		{0AE68142-32AD-483A-B891-36889745BD6F}.Release|Any CPU.ActiveCfg = Release|Any CPU
		{0AE68142-32AD-483A-B891-36889745BD6F}.Release|Any CPU.Build.0 = Release|Any CPU
	EndGlobalSection
	GlobalSection(SolutionProperties) = preSolution
		HideSolutionNode = FALSE
	EndGlobalSection
	GlobalSection(ExtensibilityGlobals) = postSolution
		SolutionGuid = {A7FBEF31-5138-4EFD-86DB-8A275E1F4CA8}
	EndGlobalSection
EndGlobal
